// !$*UTF8*$!
{
	archiveVersion = 1;
	classes = {
	};
	objectVersion = 51;
	objects = {

/* Begin PBXBuildFile section */
		152FCDFCA5A200982EEE594C /* Pods_FretelloCodingChallengeTests.framework in Frameworks */ = {isa = PBXBuildFile; fileRef = 7AE18FBB7DE71F08171B9BF6 /* Pods_FretelloCodingChallengeTests.framework */; };
		4A5A9B8E237A39EA64B72C06 /* Pods_FretelloCodingChallenge_FretelloCodingChallengeUITests.framework in Frameworks */ = {isa = PBXBuildFile; fileRef = 844D32EF7B973A3B86374FA6 /* Pods_FretelloCodingChallenge_FretelloCodingChallengeUITests.framework */; };
		4CC7519F25C3732100721CBC /* AppDelegate.swift in Sources */ = {isa = PBXBuildFile; fileRef = 4CC7519E25C3732100721CBC /* AppDelegate.swift */; };
		4CC751A125C3732100721CBC /* SceneDelegate.swift in Sources */ = {isa = PBXBuildFile; fileRef = 4CC751A025C3732100721CBC /* SceneDelegate.swift */; };
		4CC751A325C3732100721CBC /* PracticeSessionsViewController.swift in Sources */ = {isa = PBXBuildFile; fileRef = 4CC751A225C3732100721CBC /* PracticeSessionsViewController.swift */; };
		4CC751A825C3732400721CBC /* Assets.xcassets in Resources */ = {isa = PBXBuildFile; fileRef = 4CC751A725C3732400721CBC /* Assets.xcassets */; };
		4CC751AB25C3732400721CBC /* LaunchScreen.storyboard in Resources */ = {isa = PBXBuildFile; fileRef = 4CC751A925C3732400721CBC /* LaunchScreen.storyboard */; };
		4CC751B625C3732400721CBC /* FretelloCodingChallengeTests.swift in Sources */ = {isa = PBXBuildFile; fileRef = 4CC751B525C3732400721CBC /* FretelloCodingChallengeTests.swift */; };
		4CC751C125C3732400721CBC /* FretelloCodingChallengeUITests.swift in Sources */ = {isa = PBXBuildFile; fileRef = 4CC751C025C3732400721CBC /* FretelloCodingChallengeUITests.swift */; };
		4CC7521125C384DA00721CBC /* PracticeSessionsDataLoader.swift in Sources */ = {isa = PBXBuildFile; fileRef = 4CC7521025C384DA00721CBC /* PracticeSessionsDataLoader.swift */; };
		4CC7521925C3889300721CBC /* StringConstants.swift in Sources */ = {isa = PBXBuildFile; fileRef = 4CC7521825C3889300721CBC /* StringConstants.swift */; };
		4CC7522325C3892D00721CBC /* PracticeSessionModel.swift in Sources */ = {isa = PBXBuildFile; fileRef = 4CC7522225C3892D00721CBC /* PracticeSessionModel.swift */; };
		4CC7522D25C38EA800721CBC /* PracticeSessionsPresenter.swift in Sources */ = {isa = PBXBuildFile; fileRef = 4CC7522A25C38EA800721CBC /* PracticeSessionsPresenter.swift */; };
		4CC7522E25C38EA800721CBC /* PracticeSessionsInteractor.swift in Sources */ = {isa = PBXBuildFile; fileRef = 4CC7522B25C38EA800721CBC /* PracticeSessionsInteractor.swift */; };
		4CC7522F25C38EA800721CBC /* PracticeSessionsWorker.swift in Sources */ = {isa = PBXBuildFile; fileRef = 4CC7522C25C38EA800721CBC /* PracticeSessionsWorker.swift */; };
		4CC7523E25C39CAB00721CBC /* PracticeSessionsCell.swift in Sources */ = {isa = PBXBuildFile; fileRef = 4CC7523D25C39CAB00721CBC /* PracticeSessionsCell.swift */; };
		4CC7524B25C3B1CB00721CBC /* UIViewController+Extensions.swift in Sources */ = {isa = PBXBuildFile; fileRef = 4CC7524A25C3B1CB00721CBC /* UIViewController+Extensions.swift */; };
		BDC94CE22D8510EAA18CF8C7 /* Pods_FretelloCodingChallenge.framework in Frameworks */ = {isa = PBXBuildFile; fileRef = 8AEE14703F5CBB872201A9CF /* Pods_FretelloCodingChallenge.framework */; };
/* End PBXBuildFile section */

/* Begin PBXContainerItemProxy section */
		4CC751B225C3732400721CBC /* PBXContainerItemProxy */ = {
			isa = PBXContainerItemProxy;
			containerPortal = 4CC7519325C3732100721CBC /* Project object */;
			proxyType = 1;
			remoteGlobalIDString = 4CC7519A25C3732100721CBC;
			remoteInfo = FretelloCodingChallenge;
		};
		4CC751BD25C3732400721CBC /* PBXContainerItemProxy */ = {
			isa = PBXContainerItemProxy;
			containerPortal = 4CC7519325C3732100721CBC /* Project object */;
			proxyType = 1;
			remoteGlobalIDString = 4CC7519A25C3732100721CBC;
			remoteInfo = FretelloCodingChallenge;
		};
/* End PBXContainerItemProxy section */

/* Begin PBXFileReference section */
		06C4C89D632F55EBCD561E2A /* Pods-FretelloCodingChallengeTests.release.xcconfig */ = {isa = PBXFileReference; includeInIndex = 1; lastKnownFileType = text.xcconfig; name = "Pods-FretelloCodingChallengeTests.release.xcconfig"; path = "Target Support Files/Pods-FretelloCodingChallengeTests/Pods-FretelloCodingChallengeTests.release.xcconfig"; sourceTree = "<group>"; };
		4CC7519B25C3732100721CBC /* FretelloCodingChallenge.app */ = {isa = PBXFileReference; explicitFileType = wrapper.application; includeInIndex = 0; path = FretelloCodingChallenge.app; sourceTree = BUILT_PRODUCTS_DIR; };
		4CC7519E25C3732100721CBC /* AppDelegate.swift */ = {isa = PBXFileReference; lastKnownFileType = sourcecode.swift; path = AppDelegate.swift; sourceTree = "<group>"; };
		4CC751A025C3732100721CBC /* SceneDelegate.swift */ = {isa = PBXFileReference; lastKnownFileType = sourcecode.swift; path = SceneDelegate.swift; sourceTree = "<group>"; };
		4CC751A225C3732100721CBC /* PracticeSessionsViewController.swift */ = {isa = PBXFileReference; lastKnownFileType = sourcecode.swift; path = PracticeSessionsViewController.swift; sourceTree = "<group>"; };
		4CC751A725C3732400721CBC /* Assets.xcassets */ = {isa = PBXFileReference; lastKnownFileType = folder.assetcatalog; path = Assets.xcassets; sourceTree = "<group>"; };
		4CC751AA25C3732400721CBC /* Base */ = {isa = PBXFileReference; lastKnownFileType = file.storyboard; name = Base; path = Base.lproj/LaunchScreen.storyboard; sourceTree = "<group>"; };
		4CC751AC25C3732400721CBC /* Info.plist */ = {isa = PBXFileReference; lastKnownFileType = text.plist.xml; path = Info.plist; sourceTree = "<group>"; };
		4CC751B125C3732400721CBC /* FretelloCodingChallengeTests.xctest */ = {isa = PBXFileReference; explicitFileType = wrapper.cfbundle; includeInIndex = 0; path = FretelloCodingChallengeTests.xctest; sourceTree = BUILT_PRODUCTS_DIR; };
		4CC751B525C3732400721CBC /* FretelloCodingChallengeTests.swift */ = {isa = PBXFileReference; lastKnownFileType = sourcecode.swift; path = FretelloCodingChallengeTests.swift; sourceTree = "<group>"; };
		4CC751B725C3732400721CBC /* Info.plist */ = {isa = PBXFileReference; lastKnownFileType = text.plist.xml; path = Info.plist; sourceTree = "<group>"; };
		4CC751BC25C3732400721CBC /* FretelloCodingChallengeUITests.xctest */ = {isa = PBXFileReference; explicitFileType = wrapper.cfbundle; includeInIndex = 0; path = FretelloCodingChallengeUITests.xctest; sourceTree = BUILT_PRODUCTS_DIR; };
		4CC751C025C3732400721CBC /* FretelloCodingChallengeUITests.swift */ = {isa = PBXFileReference; lastKnownFileType = sourcecode.swift; path = FretelloCodingChallengeUITests.swift; sourceTree = "<group>"; };
		4CC751C225C3732400721CBC /* Info.plist */ = {isa = PBXFileReference; lastKnownFileType = text.plist.xml; path = Info.plist; sourceTree = "<group>"; };
		4CC7521025C384DA00721CBC /* PracticeSessionsDataLoader.swift */ = {isa = PBXFileReference; lastKnownFileType = sourcecode.swift; path = PracticeSessionsDataLoader.swift; sourceTree = "<group>"; };
		4CC7521825C3889300721CBC /* StringConstants.swift */ = {isa = PBXFileReference; lastKnownFileType = sourcecode.swift; path = StringConstants.swift; sourceTree = "<group>"; };
		4CC7522225C3892D00721CBC /* PracticeSessionModel.swift */ = {isa = PBXFileReference; lastKnownFileType = sourcecode.swift; path = PracticeSessionModel.swift; sourceTree = "<group>"; };
		4CC7522A25C38EA800721CBC /* PracticeSessionsPresenter.swift */ = {isa = PBXFileReference; fileEncoding = 4; lastKnownFileType = sourcecode.swift; path = PracticeSessionsPresenter.swift; sourceTree = "<group>"; };
		4CC7522B25C38EA800721CBC /* PracticeSessionsInteractor.swift */ = {isa = PBXFileReference; fileEncoding = 4; lastKnownFileType = sourcecode.swift; path = PracticeSessionsInteractor.swift; sourceTree = "<group>"; };
		4CC7522C25C38EA800721CBC /* PracticeSessionsWorker.swift */ = {isa = PBXFileReference; fileEncoding = 4; lastKnownFileType = sourcecode.swift; path = PracticeSessionsWorker.swift; sourceTree = "<group>"; };
		4CC7523D25C39CAB00721CBC /* PracticeSessionsCell.swift */ = {isa = PBXFileReference; fileEncoding = 4; lastKnownFileType = sourcecode.swift; path = PracticeSessionsCell.swift; sourceTree = "<group>"; };
		4CC7524A25C3B1CB00721CBC /* UIViewController+Extensions.swift */ = {isa = PBXFileReference; fileEncoding = 4; lastKnownFileType = sourcecode.swift; path = "UIViewController+Extensions.swift"; sourceTree = "<group>"; };
		59FAB5B4874D9B26AD0F1B84 /* Pods-FretelloCodingChallenge.release.xcconfig */ = {isa = PBXFileReference; includeInIndex = 1; lastKnownFileType = text.xcconfig; name = "Pods-FretelloCodingChallenge.release.xcconfig"; path = "Target Support Files/Pods-FretelloCodingChallenge/Pods-FretelloCodingChallenge.release.xcconfig"; sourceTree = "<group>"; };
		7AE18FBB7DE71F08171B9BF6 /* Pods_FretelloCodingChallengeTests.framework */ = {isa = PBXFileReference; explicitFileType = wrapper.framework; includeInIndex = 0; path = Pods_FretelloCodingChallengeTests.framework; sourceTree = BUILT_PRODUCTS_DIR; };
		7FE0042EC5FEA64D49959C0F /* Pods-FretelloCodingChallenge-FretelloCodingChallengeUITests.debug.xcconfig */ = {isa = PBXFileReference; includeInIndex = 1; lastKnownFileType = text.xcconfig; name = "Pods-FretelloCodingChallenge-FretelloCodingChallengeUITests.debug.xcconfig"; path = "Target Support Files/Pods-FretelloCodingChallenge-FretelloCodingChallengeUITests/Pods-FretelloCodingChallenge-FretelloCodingChallengeUITests.debug.xcconfig"; sourceTree = "<group>"; };
		844D32EF7B973A3B86374FA6 /* Pods_FretelloCodingChallenge_FretelloCodingChallengeUITests.framework */ = {isa = PBXFileReference; explicitFileType = wrapper.framework; includeInIndex = 0; path = Pods_FretelloCodingChallenge_FretelloCodingChallengeUITests.framework; sourceTree = BUILT_PRODUCTS_DIR; };
		8AEE14703F5CBB872201A9CF /* Pods_FretelloCodingChallenge.framework */ = {isa = PBXFileReference; explicitFileType = wrapper.framework; includeInIndex = 0; path = Pods_FretelloCodingChallenge.framework; sourceTree = BUILT_PRODUCTS_DIR; };
		A5790F2E7EB9E0415F989453 /* Pods-FretelloCodingChallenge-FretelloCodingChallengeUITests.release.xcconfig */ = {isa = PBXFileReference; includeInIndex = 1; lastKnownFileType = text.xcconfig; name = "Pods-FretelloCodingChallenge-FretelloCodingChallengeUITests.release.xcconfig"; path = "Target Support Files/Pods-FretelloCodingChallenge-FretelloCodingChallengeUITests/Pods-FretelloCodingChallenge-FretelloCodingChallengeUITests.release.xcconfig"; sourceTree = "<group>"; };
		DC8786FD0EEE85085FF753BC /* Pods-FretelloCodingChallengeTests.debug.xcconfig */ = {isa = PBXFileReference; includeInIndex = 1; lastKnownFileType = text.xcconfig; name = "Pods-FretelloCodingChallengeTests.debug.xcconfig"; path = "Target Support Files/Pods-FretelloCodingChallengeTests/Pods-FretelloCodingChallengeTests.debug.xcconfig"; sourceTree = "<group>"; };
		F1CAB1CECA7971B86AE2C354 /* Pods-FretelloCodingChallenge.debug.xcconfig */ = {isa = PBXFileReference; includeInIndex = 1; lastKnownFileType = text.xcconfig; name = "Pods-FretelloCodingChallenge.debug.xcconfig"; path = "Target Support Files/Pods-FretelloCodingChallenge/Pods-FretelloCodingChallenge.debug.xcconfig"; sourceTree = "<group>"; };
/* End PBXFileReference section */

/* Begin PBXFrameworksBuildPhase section */
		4CC7519825C3732100721CBC /* Frameworks */ = {
			isa = PBXFrameworksBuildPhase;
			buildActionMask = 2147483647;
			files = (
				BDC94CE22D8510EAA18CF8C7 /* Pods_FretelloCodingChallenge.framework in Frameworks */,
			);
			runOnlyForDeploymentPostprocessing = 0;
		};
		4CC751AE25C3732400721CBC /* Frameworks */ = {
			isa = PBXFrameworksBuildPhase;
			buildActionMask = 2147483647;
			files = (
				152FCDFCA5A200982EEE594C /* Pods_FretelloCodingChallengeTests.framework in Frameworks */,
			);
			runOnlyForDeploymentPostprocessing = 0;
		};
		4CC751B925C3732400721CBC /* Frameworks */ = {
			isa = PBXFrameworksBuildPhase;
			buildActionMask = 2147483647;
			files = (
				4A5A9B8E237A39EA64B72C06 /* Pods_FretelloCodingChallenge_FretelloCodingChallengeUITests.framework in Frameworks */,
			);
			runOnlyForDeploymentPostprocessing = 0;
		};
/* End PBXFrameworksBuildPhase section */

/* Begin PBXGroup section */
		1E66FEA6F2AFA69368E21236 /* Pods */ = {
			isa = PBXGroup;
			children = (
				F1CAB1CECA7971B86AE2C354 /* Pods-FretelloCodingChallenge.debug.xcconfig */,
				59FAB5B4874D9B26AD0F1B84 /* Pods-FretelloCodingChallenge.release.xcconfig */,
				7FE0042EC5FEA64D49959C0F /* Pods-FretelloCodingChallenge-FretelloCodingChallengeUITests.debug.xcconfig */,
				A5790F2E7EB9E0415F989453 /* Pods-FretelloCodingChallenge-FretelloCodingChallengeUITests.release.xcconfig */,
				DC8786FD0EEE85085FF753BC /* Pods-FretelloCodingChallengeTests.debug.xcconfig */,
				06C4C89D632F55EBCD561E2A /* Pods-FretelloCodingChallengeTests.release.xcconfig */,
			);
			path = Pods;
			sourceTree = "<group>";
		};
		4CC7519225C3732100721CBC = {
			isa = PBXGroup;
			children = (
				4CC7519D25C3732100721CBC /* FretelloCodingChallenge */,
				4CC751B425C3732400721CBC /* FretelloCodingChallengeTests */,
				4CC751BF25C3732400721CBC /* FretelloCodingChallengeUITests */,
				4CC7519C25C3732100721CBC /* Products */,
				1E66FEA6F2AFA69368E21236 /* Pods */,
				D552EE39A985CE0D3A38CF13 /* Frameworks */,
			);
			sourceTree = "<group>";
		};
		4CC7519C25C3732100721CBC /* Products */ = {
			isa = PBXGroup;
			children = (
				4CC7519B25C3732100721CBC /* FretelloCodingChallenge.app */,
				4CC751B125C3732400721CBC /* FretelloCodingChallengeTests.xctest */,
				4CC751BC25C3732400721CBC /* FretelloCodingChallengeUITests.xctest */,
			);
			name = Products;
			sourceTree = "<group>";
		};
		4CC7519D25C3732100721CBC /* FretelloCodingChallenge */ = {
			isa = PBXGroup;
			children = (
				4CC7520625C37CC400721CBC /* Resources */,
				4CC7520525C37CBC00721CBC /* Scenes */,
				4CC751AC25C3732400721CBC /* Info.plist */,
			);
			path = FretelloCodingChallenge;
			sourceTree = "<group>";
		};
		4CC751B425C3732400721CBC /* FretelloCodingChallengeTests */ = {
			isa = PBXGroup;
			children = (
				4CC751B525C3732400721CBC /* FretelloCodingChallengeTests.swift */,
				4CC751B725C3732400721CBC /* Info.plist */,
			);
			path = FretelloCodingChallengeTests;
			sourceTree = "<group>";
		};
		4CC751BF25C3732400721CBC /* FretelloCodingChallengeUITests */ = {
			isa = PBXGroup;
			children = (
				4CC751C025C3732400721CBC /* FretelloCodingChallengeUITests.swift */,
				4CC751C225C3732400721CBC /* Info.plist */,
			);
			path = FretelloCodingChallengeUITests;
			sourceTree = "<group>";
		};
		4CC7520525C37CBC00721CBC /* Scenes */ = {
			isa = PBXGroup;
			children = (
				4CC7522125C3890300721CBC /* Models */,
				4CC7520825C37D9200721CBC /* Storyboards */,
				4CC7520725C37CEE00721CBC /* PracticeSessions */,
				4CC751A725C3732400721CBC /* Assets.xcassets */,
			);
			path = Scenes;
			sourceTree = "<group>";
		};
		4CC7520625C37CC400721CBC /* Resources */ = {
			isa = PBXGroup;
			children = (
				4CC7524925C3B1CB00721CBC /* Extensions */,
				4CC7521D25C388A200721CBC /* StringConstants */,
				4CC7520F25C384C100721CBC /* Services */,
				4CC7519E25C3732100721CBC /* AppDelegate.swift */,
				4CC751A025C3732100721CBC /* SceneDelegate.swift */,
			);
			path = Resources;
			sourceTree = "<group>";
		};
		4CC7520725C37CEE00721CBC /* PracticeSessions */ = {
			isa = PBXGroup;
			children = (
				4CC7523C25C39CAB00721CBC /* Cell */,
				4CC751A225C3732100721CBC /* PracticeSessionsViewController.swift */,
				4CC7522B25C38EA800721CBC /* PracticeSessionsInteractor.swift */,
				4CC7522A25C38EA800721CBC /* PracticeSessionsPresenter.swift */,
				4CC7522C25C38EA800721CBC /* PracticeSessionsWorker.swift */,
			);
			path = PracticeSessions;
			sourceTree = "<group>";
		};
		4CC7520825C37D9200721CBC /* Storyboards */ = {
			isa = PBXGroup;
			children = (
				4CC751A925C3732400721CBC /* LaunchScreen.storyboard */,
			);
			path = Storyboards;
			sourceTree = "<group>";
		};
		4CC7520F25C384C100721CBC /* Services */ = {
			isa = PBXGroup;
			children = (
				4CC7521025C384DA00721CBC /* PracticeSessionsDataLoader.swift */,
			);
			path = Services;
			sourceTree = "<group>";
		};
		4CC7521D25C388A200721CBC /* StringConstants */ = {
			isa = PBXGroup;
			children = (
				4CC7521825C3889300721CBC /* StringConstants.swift */,
			);
			path = StringConstants;
			sourceTree = "<group>";
		};
		4CC7522125C3890300721CBC /* Models */ = {
			isa = PBXGroup;
			children = (
				4CC7522225C3892D00721CBC /* PracticeSessionModel.swift */,
			);
			path = Models;
			sourceTree = "<group>";
		};
		4CC7523C25C39CAB00721CBC /* Cell */ = {
			isa = PBXGroup;
			children = (
				4CC7523D25C39CAB00721CBC /* PracticeSessionsCell.swift */,
			);
			path = Cell;
			sourceTree = "<group>";
		};
		4CC7524925C3B1CB00721CBC /* Extensions */ = {
			isa = PBXGroup;
			children = (
				4CC7524A25C3B1CB00721CBC /* UIViewController+Extensions.swift */,
			);
			path = Extensions;
			sourceTree = "<group>";
		};
		D552EE39A985CE0D3A38CF13 /* Frameworks */ = {
			isa = PBXGroup;
			children = (
				8AEE14703F5CBB872201A9CF /* Pods_FretelloCodingChallenge.framework */,
				844D32EF7B973A3B86374FA6 /* Pods_FretelloCodingChallenge_FretelloCodingChallengeUITests.framework */,
				7AE18FBB7DE71F08171B9BF6 /* Pods_FretelloCodingChallengeTests.framework */,
			);
			name = Frameworks;
			sourceTree = "<group>";
		};
/* End PBXGroup section */

/* Begin PBXNativeTarget section */
		4CC7519A25C3732100721CBC /* FretelloCodingChallenge */ = {
			isa = PBXNativeTarget;
			buildConfigurationList = 4CC751C525C3732400721CBC /* Build configuration list for PBXNativeTarget "FretelloCodingChallenge" */;
			buildPhases = (
				214025FEC2954DD209D7E602 /* [CP] Check Pods Manifest.lock */,
				4CC7519725C3732100721CBC /* Sources */,
				4CC7519825C3732100721CBC /* Frameworks */,
				4CC7519925C3732100721CBC /* Resources */,
				D13D8528826E389C55D6265F /* [CP] Embed Pods Frameworks */,
			);
			buildRules = (
			);
			dependencies = (
			);
			name = FretelloCodingChallenge;
			productName = FretelloCodingChallenge;
			productReference = 4CC7519B25C3732100721CBC /* FretelloCodingChallenge.app */;
			productType = "com.apple.product-type.application";
		};
		4CC751B025C3732400721CBC /* FretelloCodingChallengeTests */ = {
			isa = PBXNativeTarget;
			buildConfigurationList = 4CC751C825C3732400721CBC /* Build configuration list for PBXNativeTarget "FretelloCodingChallengeTests" */;
			buildPhases = (
				B915F86ECD8D419DF9151BE2 /* [CP] Check Pods Manifest.lock */,
				4CC751AD25C3732400721CBC /* Sources */,
				4CC751AE25C3732400721CBC /* Frameworks */,
				4CC751AF25C3732400721CBC /* Resources */,
			);
			buildRules = (
			);
			dependencies = (
				4CC751B325C3732400721CBC /* PBXTargetDependency */,
			);
			name = FretelloCodingChallengeTests;
			productName = FretelloCodingChallengeTests;
			productReference = 4CC751B125C3732400721CBC /* FretelloCodingChallengeTests.xctest */;
			productType = "com.apple.product-type.bundle.unit-test";
		};
		4CC751BB25C3732400721CBC /* FretelloCodingChallengeUITests */ = {
			isa = PBXNativeTarget;
			buildConfigurationList = 4CC751CB25C3732400721CBC /* Build configuration list for PBXNativeTarget "FretelloCodingChallengeUITests" */;
			buildPhases = (
				5CED5C7E99E90C2802B64DB7 /* [CP] Check Pods Manifest.lock */,
				4CC751B825C3732400721CBC /* Sources */,
				4CC751B925C3732400721CBC /* Frameworks */,
				4CC751BA25C3732400721CBC /* Resources */,
				2C2B9CC36530657C7C799D61 /* [CP] Embed Pods Frameworks */,
			);
			buildRules = (
			);
			dependencies = (
				4CC751BE25C3732400721CBC /* PBXTargetDependency */,
			);
			name = FretelloCodingChallengeUITests;
			productName = FretelloCodingChallengeUITests;
			productReference = 4CC751BC25C3732400721CBC /* FretelloCodingChallengeUITests.xctest */;
			productType = "com.apple.product-type.bundle.ui-testing";
		};
/* End PBXNativeTarget section */

/* Begin PBXProject section */
		4CC7519325C3732100721CBC /* Project object */ = {
			isa = PBXProject;
			attributes = {
				LastSwiftUpdateCheck = 1240;
				LastUpgradeCheck = 1240;
				TargetAttributes = {
					4CC7519A25C3732100721CBC = {
						CreatedOnToolsVersion = 12.4;
					};
					4CC751B025C3732400721CBC = {
						CreatedOnToolsVersion = 12.4;
						TestTargetID = 4CC7519A25C3732100721CBC;
					};
					4CC751BB25C3732400721CBC = {
						CreatedOnToolsVersion = 12.4;
						TestTargetID = 4CC7519A25C3732100721CBC;
					};
				};
			};
			buildConfigurationList = 4CC7519625C3732100721CBC /* Build configuration list for PBXProject "FretelloCodingChallenge" */;
			compatibilityVersion = "Xcode 9.3";
			developmentRegion = en;
			hasScannedForEncodings = 0;
			knownRegions = (
				en,
				Base,
			);
			mainGroup = 4CC7519225C3732100721CBC;
			productRefGroup = 4CC7519C25C3732100721CBC /* Products */;
			projectDirPath = "";
			projectRoot = "";
			targets = (
				4CC7519A25C3732100721CBC /* FretelloCodingChallenge */,
				4CC751B025C3732400721CBC /* FretelloCodingChallengeTests */,
				4CC751BB25C3732400721CBC /* FretelloCodingChallengeUITests */,
			);
		};
/* End PBXProject section */

/* Begin PBXResourcesBuildPhase section */
		4CC7519925C3732100721CBC /* Resources */ = {
			isa = PBXResourcesBuildPhase;
			buildActionMask = 2147483647;
			files = (
				4CC751AB25C3732400721CBC /* LaunchScreen.storyboard in Resources */,
				4CC751A825C3732400721CBC /* Assets.xcassets in Resources */,
			);
			runOnlyForDeploymentPostprocessing = 0;
		};
		4CC751AF25C3732400721CBC /* Resources */ = {
			isa = PBXResourcesBuildPhase;
			buildActionMask = 2147483647;
			files = (
			);
			runOnlyForDeploymentPostprocessing = 0;
		};
		4CC751BA25C3732400721CBC /* Resources */ = {
			isa = PBXResourcesBuildPhase;
			buildActionMask = 2147483647;
			files = (
			);
			runOnlyForDeploymentPostprocessing = 0;
		};
/* End PBXResourcesBuildPhase section */

/* Begin PBXShellScriptBuildPhase section */
		214025FEC2954DD209D7E602 /* [CP] Check Pods Manifest.lock */ = {
			isa = PBXShellScriptBuildPhase;
			buildActionMask = 2147483647;
			files = (
			);
			inputFileListPaths = (
			);
			inputPaths = (
				"${PODS_PODFILE_DIR_PATH}/Podfile.lock",
				"${PODS_ROOT}/Manifest.lock",
			);
			name = "[CP] Check Pods Manifest.lock";
			outputFileListPaths = (
			);
			outputPaths = (
				"$(DERIVED_FILE_DIR)/Pods-FretelloCodingChallenge-checkManifestLockResult.txt",
			);
			runOnlyForDeploymentPostprocessing = 0;
			shellPath = /bin/sh;
			shellScript = "diff \"${PODS_PODFILE_DIR_PATH}/Podfile.lock\" \"${PODS_ROOT}/Manifest.lock\" > /dev/null\nif [ $? != 0 ] ; then\n    # print error to STDERR\n    echo \"error: The sandbox is not in sync with the Podfile.lock. Run 'pod install' or update your CocoaPods installation.\" >&2\n    exit 1\nfi\n# This output is used by Xcode 'outputs' to avoid re-running this script phase.\necho \"SUCCESS\" > \"${SCRIPT_OUTPUT_FILE_0}\"\n";
			showEnvVarsInLog = 0;
		};
		2C2B9CC36530657C7C799D61 /* [CP] Embed Pods Frameworks */ = {
			isa = PBXShellScriptBuildPhase;
			buildActionMask = 2147483647;
			files = (
			);
			inputFileListPaths = (
				"${PODS_ROOT}/Target Support Files/Pods-FretelloCodingChallenge-FretelloCodingChallengeUITests/Pods-FretelloCodingChallenge-FretelloCodingChallengeUITests-frameworks-${CONFIGURATION}-input-files.xcfilelist",
			);
			name = "[CP] Embed Pods Frameworks";
			outputFileListPaths = (
				"${PODS_ROOT}/Target Support Files/Pods-FretelloCodingChallenge-FretelloCodingChallengeUITests/Pods-FretelloCodingChallenge-FretelloCodingChallengeUITests-frameworks-${CONFIGURATION}-output-files.xcfilelist",
			);
			runOnlyForDeploymentPostprocessing = 0;
			shellPath = /bin/sh;
			shellScript = "\"${PODS_ROOT}/Target Support Files/Pods-FretelloCodingChallenge-FretelloCodingChallengeUITests/Pods-FretelloCodingChallenge-FretelloCodingChallengeUITests-frameworks.sh\"\n";
			showEnvVarsInLog = 0;
		};
		5CED5C7E99E90C2802B64DB7 /* [CP] Check Pods Manifest.lock */ = {
			isa = PBXShellScriptBuildPhase;
			buildActionMask = 2147483647;
			files = (
			);
			inputFileListPaths = (
			);
			inputPaths = (
				"${PODS_PODFILE_DIR_PATH}/Podfile.lock",
				"${PODS_ROOT}/Manifest.lock",
			);
			name = "[CP] Check Pods Manifest.lock";
			outputFileListPaths = (
			);
			outputPaths = (
				"$(DERIVED_FILE_DIR)/Pods-FretelloCodingChallenge-FretelloCodingChallengeUITests-checkManifestLockResult.txt",
			);
			runOnlyForDeploymentPostprocessing = 0;
			shellPath = /bin/sh;
			shellScript = "diff \"${PODS_PODFILE_DIR_PATH}/Podfile.lock\" \"${PODS_ROOT}/Manifest.lock\" > /dev/null\nif [ $? != 0 ] ; then\n    # print error to STDERR\n    echo \"error: The sandbox is not in sync with the Podfile.lock. Run 'pod install' or update your CocoaPods installation.\" >&2\n    exit 1\nfi\n# This output is used by Xcode 'outputs' to avoid re-running this script phase.\necho \"SUCCESS\" > \"${SCRIPT_OUTPUT_FILE_0}\"\n";
			showEnvVarsInLog = 0;
		};
		B915F86ECD8D419DF9151BE2 /* [CP] Check Pods Manifest.lock */ = {
			isa = PBXShellScriptBuildPhase;
			buildActionMask = 2147483647;
			files = (
			);
			inputFileListPaths = (
			);
			inputPaths = (
				"${PODS_PODFILE_DIR_PATH}/Podfile.lock",
				"${PODS_ROOT}/Manifest.lock",
			);
			name = "[CP] Check Pods Manifest.lock";
			outputFileListPaths = (
			);
			outputPaths = (
				"$(DERIVED_FILE_DIR)/Pods-FretelloCodingChallengeTests-checkManifestLockResult.txt",
			);
			runOnlyForDeploymentPostprocessing = 0;
			shellPath = /bin/sh;
			shellScript = "diff \"${PODS_PODFILE_DIR_PATH}/Podfile.lock\" \"${PODS_ROOT}/Manifest.lock\" > /dev/null\nif [ $? != 0 ] ; then\n    # print error to STDERR\n    echo \"error: The sandbox is not in sync with the Podfile.lock. Run 'pod install' or update your CocoaPods installation.\" >&2\n    exit 1\nfi\n# This output is used by Xcode 'outputs' to avoid re-running this script phase.\necho \"SUCCESS\" > \"${SCRIPT_OUTPUT_FILE_0}\"\n";
			showEnvVarsInLog = 0;
		};
		D13D8528826E389C55D6265F /* [CP] Embed Pods Frameworks */ = {
			isa = PBXShellScriptBuildPhase;
			buildActionMask = 2147483647;
			files = (
			);
			inputFileListPaths = (
				"${PODS_ROOT}/Target Support Files/Pods-FretelloCodingChallenge/Pods-FretelloCodingChallenge-frameworks-${CONFIGURATION}-input-files.xcfilelist",
			);
			name = "[CP] Embed Pods Frameworks";
			outputFileListPaths = (
				"${PODS_ROOT}/Target Support Files/Pods-FretelloCodingChallenge/Pods-FretelloCodingChallenge-frameworks-${CONFIGURATION}-output-files.xcfilelist",
			);
			runOnlyForDeploymentPostprocessing = 0;
			shellPath = /bin/sh;
			shellScript = "\"${PODS_ROOT}/Target Support Files/Pods-FretelloCodingChallenge/Pods-FretelloCodingChallenge-frameworks.sh\"\n";
			showEnvVarsInLog = 0;
		};
/* End PBXShellScriptBuildPhase section */

/* Begin PBXSourcesBuildPhase section */
		4CC7519725C3732100721CBC /* Sources */ = {
			isa = PBXSourcesBuildPhase;
			buildActionMask = 2147483647;
			files = (
				4CC7521125C384DA00721CBC /* PracticeSessionsDataLoader.swift in Sources */,
				4CC751A325C3732100721CBC /* PracticeSessionsViewController.swift in Sources */,
				4CC7519F25C3732100721CBC /* AppDelegate.swift in Sources */,
				4CC7522F25C38EA800721CBC /* PracticeSessionsWorker.swift in Sources */,
				4CC7523E25C39CAB00721CBC /* PracticeSessionsCell.swift in Sources */,
				4CC7522D25C38EA800721CBC /* PracticeSessionsPresenter.swift in Sources */,
				4CC7524B25C3B1CB00721CBC /* UIViewController+Extensions.swift in Sources */,
				4CC7522E25C38EA800721CBC /* PracticeSessionsInteractor.swift in Sources */,
				4CC7522325C3892D00721CBC /* PracticeSessionModel.swift in Sources */,
				4CC7521925C3889300721CBC /* StringConstants.swift in Sources */,
				4CC751A125C3732100721CBC /* SceneDelegate.swift in Sources */,
			);
			runOnlyForDeploymentPostprocessing = 0;
		};
		4CC751AD25C3732400721CBC /* Sources */ = {
			isa = PBXSourcesBuildPhase;
			buildActionMask = 2147483647;
			files = (
				4CC751B625C3732400721CBC /* FretelloCodingChallengeTests.swift in Sources */,
			);
			runOnlyForDeploymentPostprocessing = 0;
		};
		4CC751B825C3732400721CBC /* Sources */ = {
			isa = PBXSourcesBuildPhase;
			buildActionMask = 2147483647;
			files = (
				4CC751C125C3732400721CBC /* FretelloCodingChallengeUITests.swift in Sources */,
			);
			runOnlyForDeploymentPostprocessing = 0;
		};
/* End PBXSourcesBuildPhase section */

/* Begin PBXTargetDependency section */
		4CC751B325C3732400721CBC /* PBXTargetDependency */ = {
			isa = PBXTargetDependency;
			target = 4CC7519A25C3732100721CBC /* FretelloCodingChallenge */;
			targetProxy = 4CC751B225C3732400721CBC /* PBXContainerItemProxy */;
		};
		4CC751BE25C3732400721CBC /* PBXTargetDependency */ = {
			isa = PBXTargetDependency;
			target = 4CC7519A25C3732100721CBC /* FretelloCodingChallenge */;
			targetProxy = 4CC751BD25C3732400721CBC /* PBXContainerItemProxy */;
		};
/* End PBXTargetDependency section */

/* Begin PBXVariantGroup section */
		4CC751A925C3732400721CBC /* LaunchScreen.storyboard */ = {
			isa = PBXVariantGroup;
			children = (
				4CC751AA25C3732400721CBC /* Base */,
			);
			name = LaunchScreen.storyboard;
			sourceTree = "<group>";
		};
/* End PBXVariantGroup section */

/* Begin XCBuildConfiguration section */
		4CC751C325C3732400721CBC /* Debug */ = {
			isa = XCBuildConfiguration;
			buildSettings = {
				ALWAYS_SEARCH_USER_PATHS = NO;
				CLANG_ANALYZER_NONNULL = YES;
				CLANG_ANALYZER_NUMBER_OBJECT_CONVERSION = YES_AGGRESSIVE;
				CLANG_CXX_LANGUAGE_STANDARD = "gnu++14";
				CLANG_CXX_LIBRARY = "libc++";
				CLANG_ENABLE_MODULES = YES;
				CLANG_ENABLE_OBJC_ARC = YES;
				CLANG_ENABLE_OBJC_WEAK = YES;
				CLANG_WARN_BLOCK_CAPTURE_AUTORELEASING = YES;
				CLANG_WARN_BOOL_CONVERSION = YES;
				CLANG_WARN_COMMA = YES;
				CLANG_WARN_CONSTANT_CONVERSION = YES;
				CLANG_WARN_DEPRECATED_OBJC_IMPLEMENTATIONS = YES;
				CLANG_WARN_DIRECT_OBJC_ISA_USAGE = YES_ERROR;
				CLANG_WARN_DOCUMENTATION_COMMENTS = YES;
				CLANG_WARN_EMPTY_BODY = YES;
				CLANG_WARN_ENUM_CONVERSION = YES;
				CLANG_WARN_INFINITE_RECURSION = YES;
				CLANG_WARN_INT_CONVERSION = YES;
				CLANG_WARN_NON_LITERAL_NULL_CONVERSION = YES;
				CLANG_WARN_OBJC_IMPLICIT_RETAIN_SELF = YES;
				CLANG_WARN_OBJC_LITERAL_CONVERSION = YES;
				CLANG_WARN_OBJC_ROOT_CLASS = YES_ERROR;
				CLANG_WARN_QUOTED_INCLUDE_IN_FRAMEWORK_HEADER = YES;
				CLANG_WARN_RANGE_LOOP_ANALYSIS = YES;
				CLANG_WARN_STRICT_PROTOTYPES = YES;
				CLANG_WARN_SUSPICIOUS_MOVE = YES;
				CLANG_WARN_UNGUARDED_AVAILABILITY = YES_AGGRESSIVE;
				CLANG_WARN_UNREACHABLE_CODE = YES;
				CLANG_WARN__DUPLICATE_METHOD_MATCH = YES;
				COPY_PHASE_STRIP = NO;
				DEBUG_INFORMATION_FORMAT = dwarf;
				ENABLE_STRICT_OBJC_MSGSEND = YES;
				ENABLE_TESTABILITY = YES;
				GCC_C_LANGUAGE_STANDARD = gnu11;
				GCC_DYNAMIC_NO_PIC = NO;
				GCC_NO_COMMON_BLOCKS = YES;
				GCC_OPTIMIZATION_LEVEL = 0;
				GCC_PREPROCESSOR_DEFINITIONS = (
					"DEBUG=1",
					"$(inherited)",
				);
				GCC_WARN_64_TO_32_BIT_CONVERSION = YES;
				GCC_WARN_ABOUT_RETURN_TYPE = YES_ERROR;
				GCC_WARN_UNDECLARED_SELECTOR = YES;
				GCC_WARN_UNINITIALIZED_AUTOS = YES_AGGRESSIVE;
				GCC_WARN_UNUSED_FUNCTION = YES;
				GCC_WARN_UNUSED_VARIABLE = YES;
				IPHONEOS_DEPLOYMENT_TARGET = 14.4;
				MTL_ENABLE_DEBUG_INFO = INCLUDE_SOURCE;
				MTL_FAST_MATH = YES;
				ONLY_ACTIVE_ARCH = YES;
				SDKROOT = iphoneos;
				SWIFT_ACTIVE_COMPILATION_CONDITIONS = DEBUG;
				SWIFT_OPTIMIZATION_LEVEL = "-Onone";
			};
			name = Debug;
		};
		4CC751C425C3732400721CBC /* Release */ = {
			isa = XCBuildConfiguration;
			buildSettings = {
				ALWAYS_SEARCH_USER_PATHS = NO;
				CLANG_ANALYZER_NONNULL = YES;
				CLANG_ANALYZER_NUMBER_OBJECT_CONVERSION = YES_AGGRESSIVE;
				CLANG_CXX_LANGUAGE_STANDARD = "gnu++14";
				CLANG_CXX_LIBRARY = "libc++";
				CLANG_ENABLE_MODULES = YES;
				CLANG_ENABLE_OBJC_ARC = YES;
				CLANG_ENABLE_OBJC_WEAK = YES;
				CLANG_WARN_BLOCK_CAPTURE_AUTORELEASING = YES;
				CLANG_WARN_BOOL_CONVERSION = YES;
				CLANG_WARN_COMMA = YES;
				CLANG_WARN_CONSTANT_CONVERSION = YES;
				CLANG_WARN_DEPRECATED_OBJC_IMPLEMENTATIONS = YES;
				CLANG_WARN_DIRECT_OBJC_ISA_USAGE = YES_ERROR;
				CLANG_WARN_DOCUMENTATION_COMMENTS = YES;
				CLANG_WARN_EMPTY_BODY = YES;
				CLANG_WARN_ENUM_CONVERSION = YES;
				CLANG_WARN_INFINITE_RECURSION = YES;
				CLANG_WARN_INT_CONVERSION = YES;
				CLANG_WARN_NON_LITERAL_NULL_CONVERSION = YES;
				CLANG_WARN_OBJC_IMPLICIT_RETAIN_SELF = YES;
				CLANG_WARN_OBJC_LITERAL_CONVERSION = YES;
				CLANG_WARN_OBJC_ROOT_CLASS = YES_ERROR;
				CLANG_WARN_QUOTED_INCLUDE_IN_FRAMEWORK_HEADER = YES;
				CLANG_WARN_RANGE_LOOP_ANALYSIS = YES;
				CLANG_WARN_STRICT_PROTOTYPES = YES;
				CLANG_WARN_SUSPICIOUS_MOVE = YES;
				CLANG_WARN_UNGUARDED_AVAILABILITY = YES_AGGRESSIVE;
				CLANG_WARN_UNREACHABLE_CODE = YES;
				CLANG_WARN__DUPLICATE_METHOD_MATCH = YES;
				COPY_PHASE_STRIP = NO;
				DEBUG_INFORMATION_FORMAT = "dwarf-with-dsym";
				ENABLE_NS_ASSERTIONS = NO;
				ENABLE_STRICT_OBJC_MSGSEND = YES;
				GCC_C_LANGUAGE_STANDARD = gnu11;
				GCC_NO_COMMON_BLOCKS = YES;
				GCC_WARN_64_TO_32_BIT_CONVERSION = YES;
				GCC_WARN_ABOUT_RETURN_TYPE = YES_ERROR;
				GCC_WARN_UNDECLARED_SELECTOR = YES;
				GCC_WARN_UNINITIALIZED_AUTOS = YES_AGGRESSIVE;
				GCC_WARN_UNUSED_FUNCTION = YES;
				GCC_WARN_UNUSED_VARIABLE = YES;
				IPHONEOS_DEPLOYMENT_TARGET = 14.4;
				MTL_ENABLE_DEBUG_INFO = NO;
				MTL_FAST_MATH = YES;
				SDKROOT = iphoneos;
				SWIFT_COMPILATION_MODE = wholemodule;
				SWIFT_OPTIMIZATION_LEVEL = "-O";
				VALIDATE_PRODUCT = YES;
			};
			name = Release;
		};
		4CC751C625C3732400721CBC /* Debug */ = {
			isa = XCBuildConfiguration;
			baseConfigurationReference = F1CAB1CECA7971B86AE2C354 /* Pods-FretelloCodingChallenge.debug.xcconfig */;
			buildSettings = {
				ASSETCATALOG_COMPILER_APPICON_NAME = AppIcon;
				ASSETCATALOG_COMPILER_GLOBAL_ACCENT_COLOR_NAME = AccentColor;
				CODE_SIGN_STYLE = Automatic;
				DEVELOPMENT_TEAM = WR337SJ655;
				INFOPLIST_FILE = FretelloCodingChallenge/Info.plist;
				LD_RUNPATH_SEARCH_PATHS = (
					"$(inherited)",
					"@executable_path/Frameworks",
				);
				PRODUCT_BUNDLE_IDENTIFIER = com.folahanmi.FretelloCodingChallenge;
				PRODUCT_NAME = "$(TARGET_NAME)";
				SWIFT_VERSION = 5.0;
				TARGETED_DEVICE_FAMILY = 1;
			};
			name = Debug;
		};
		4CC751C725C3732400721CBC /* Release */ = {
			isa = XCBuildConfiguration;
			baseConfigurationReference = 59FAB5B4874D9B26AD0F1B84 /* Pods-FretelloCodingChallenge.release.xcconfig */;
			buildSettings = {
				ASSETCATALOG_COMPILER_APPICON_NAME = AppIcon;
				ASSETCATALOG_COMPILER_GLOBAL_ACCENT_COLOR_NAME = AccentColor;
				CODE_SIGN_STYLE = Automatic;
				DEVELOPMENT_TEAM = WR337SJ655;
				INFOPLIST_FILE = FretelloCodingChallenge/Info.plist;
				LD_RUNPATH_SEARCH_PATHS = (
					"$(inherited)",
					"@executable_path/Frameworks",
				);
				PRODUCT_BUNDLE_IDENTIFIER = com.folahanmi.FretelloCodingChallenge;
				PRODUCT_NAME = "$(TARGET_NAME)";
				SWIFT_VERSION = 5.0;
				TARGETED_DEVICE_FAMILY = 1;
			};
			name = Release;
		};
		4CC751C925C3732400721CBC /* Debug */ = {
			isa = XCBuildConfiguration;
			baseConfigurationReference = DC8786FD0EEE85085FF753BC /* Pods-FretelloCodingChallengeTests.debug.xcconfig */;
			buildSettings = {
				ALWAYS_EMBED_SWIFT_STANDARD_LIBRARIES = YES;
				BUNDLE_LOADER = "$(TEST_HOST)";
				CODE_SIGN_STYLE = Automatic;
				DEVELOPMENT_TEAM = WR337SJ655;
				INFOPLIST_FILE = FretelloCodingChallengeTests/Info.plist;
				IPHONEOS_DEPLOYMENT_TARGET = 14.4;
				LD_RUNPATH_SEARCH_PATHS = (
					"$(inherited)",
					"@executable_path/Frameworks",
					"@loader_path/Frameworks",
				);
				PRODUCT_BUNDLE_IDENTIFIER = com.folahanmi.FretelloCodingChallengeTests;
				PRODUCT_NAME = "$(TARGET_NAME)";
				SWIFT_VERSION = 5.0;
				TARGETED_DEVICE_FAMILY = "1,2";
				TEST_HOST = "$(BUILT_PRODUCTS_DIR)/FretelloCodingChallenge.app/FretelloCodingChallenge";
			};
			name = Debug;
		};
		4CC751CA25C3732400721CBC /* Release */ = {
			isa = XCBuildConfiguration;
			baseConfigurationReference = 06C4C89D632F55EBCD561E2A /* Pods-FretelloCodingChallengeTests.release.xcconfig */;
			buildSettings = {
				ALWAYS_EMBED_SWIFT_STANDARD_LIBRARIES = YES;
				BUNDLE_LOADER = "$(TEST_HOST)";
				CODE_SIGN_STYLE = Automatic;
				DEVELOPMENT_TEAM = WR337SJ655;
				INFOPLIST_FILE = FretelloCodingChallengeTests/Info.plist;
				IPHONEOS_DEPLOYMENT_TARGET = 14.4;
				LD_RUNPATH_SEARCH_PATHS = (
					"$(inherited)",
					"@executable_path/Frameworks",
					"@loader_path/Frameworks",
				);
				PRODUCT_BUNDLE_IDENTIFIER = com.folahanmi.FretelloCodingChallengeTests;
				PRODUCT_NAME = "$(TARGET_NAME)";
				SWIFT_VERSION = 5.0;
				TARGETED_DEVICE_FAMILY = "1,2";
				TEST_HOST = "$(BUILT_PRODUCTS_DIR)/FretelloCodingChallenge.app/FretelloCodingChallenge";
			};
			name = Release;
		};
		4CC751CC25C3732400721CBC /* Debug */ = {
			isa = XCBuildConfiguration;
			baseConfigurationReference = 7FE0042EC5FEA64D49959C0F /* Pods-FretelloCodingChallenge-FretelloCodingChallengeUITests.debug.xcconfig */;
			buildSettings = {
				ALWAYS_EMBED_SWIFT_STANDARD_LIBRARIES = YES;
				CODE_SIGN_STYLE = Automatic;
				DEVELOPMENT_TEAM = WR337SJ655;
				INFOPLIST_FILE = FretelloCodingChallengeUITests/Info.plist;
				LD_RUNPATH_SEARCH_PATHS = (
					"$(inherited)",
					"@executable_path/Frameworks",
					"@loader_path/Frameworks",
				);
				PRODUCT_BUNDLE_IDENTIFIER = com.folahanmi.FretelloCodingChallengeUITests;
				PRODUCT_NAME = "$(TARGET_NAME)";
				SWIFT_VERSION = 5.0;
				TARGETED_DEVICE_FAMILY = "1,2";
				TEST_TARGET_NAME = FretelloCodingChallenge;
			};
			name = Debug;
		};
		4CC751CD25C3732400721CBC /* Release */ = {
			isa = XCBuildConfiguration;
			baseConfigurationReference = A5790F2E7EB9E0415F989453 /* Pods-FretelloCodingChallenge-FretelloCodingChallengeUITests.release.xcconfig */;
			buildSettings = {
				ALWAYS_EMBED_SWIFT_STANDARD_LIBRARIES = YES;
				CODE_SIGN_STYLE = Automatic;
				DEVELOPMENT_TEAM = WR337SJ655;
				INFOPLIST_FILE = FretelloCodingChallengeUITests/Info.plist;
				LD_RUNPATH_SEARCH_PATHS = (
					"$(inherited)",
					"@executable_path/Frameworks",
					"@loader_path/Frameworks",
				);
				PRODUCT_BUNDLE_IDENTIFIER = com.folahanmi.FretelloCodingChallengeUITests;
				PRODUCT_NAME = "$(TARGET_NAME)";
				SWIFT_VERSION = 5.0;
				TARGETED_DEVICE_FAMILY = "1,2";
				TEST_TARGET_NAME = FretelloCodingChallenge;
			};
			name = Release;
		};
/* End XCBuildConfiguration section */

/* Begin XCConfigurationList section */
		4CC7519625C3732100721CBC /* Build configuration list for PBXProject "FretelloCodingChallenge" */ = {
			isa = XCConfigurationList;
			buildConfigurations = (
				4CC751C325C3732400721CBC /* Debug */,
				4CC751C425C3732400721CBC /* Release */,
			);
			defaultConfigurationIsVisible = 0;
			defaultConfigurationName = Release;
		};
		4CC751C525C3732400721CBC /* Build configuration list for PBXNativeTarget "FretelloCodingChallenge" */ = {
			isa = XCConfigurationList;
			buildConfigurations = (
				4CC751C625C3732400721CBC /* Debug */,
				4CC751C725C3732400721CBC /* Release */,
			);
			defaultConfigurationIsVisible = 0;
			defaultConfigurationName = Release;
		};
		4CC751C825C3732400721CBC /* Build configuration list for PBXNativeTarget "FretelloCodingChallengeTests" */ = {
			isa = XCConfigurationList;
			buildConfigurations = (
				4CC751C925C3732400721CBC /* Debug */,
				4CC751CA25C3732400721CBC /* Release */,
			);
			defaultConfigurationIsVisible = 0;
			defaultConfigurationName = Release;
		};
		4CC751CB25C3732400721CBC /* Build configuration list for PBXNativeTarget "FretelloCodingChallengeUITests" */ = {
			isa = XCConfigurationList;
			buildConfigurations = (
				4CC751CC25C3732400721CBC /* Debug */,
				4CC751CD25C3732400721CBC /* Release */,
			);
			defaultConfigurationIsVisible = 0;
			defaultConfigurationName = Release;
		};
/* End XCConfigurationList section */
	};
	rootObject = 4CC7519325C3732100721CBC /* Project object */;
}
